{
  "originHash" : "1c453e51dbda47764f4b80cdc74502aeba4683130e6d3601b840bea5e393675f",
  "pins" : [
    {
      "identity" : "lottie-ios",
      "kind" : "remoteSourceControl",
      "location" : "https://github.com/airbnb/lottie-ios.git",
      "state" : {
        "revision" : "fe4c6fe3a0aa66cdeb51d549623c82ca9704b9a5",
        "version" : "4.5.0"
      }
    },
    {
      "identity" : "purchases-ios",
      "kind" : "remoteSourceControl",
      "location" : "https://github.com/RevenueCat/purchases-ios.git",
      "state" : {
        "branch" : "main",
        "revision" : "3dfd43ef2bb15bf1249e3827244d3c51883fb9e8"
      }
    }
  ],
  "version" : 3
}
